
Microsoft Visual Studio Solution File, Format Version 12.00
# Visual Studio Version 17
VisualStudioVersion = 17.1.32319.34
MinimumVisualStudioVersion = 10.0.40219.1
Project("{9A19103F-16F7-4668-BE54-9A1E7A4F7556}") = "WEB_API", "v2D2PlayersWebApp\WEB_API.csproj", "{E5064E1D-B2BA-4932-A00E-72C28826033C}"
EndProject
Project("{9A19103F-16F7-4668-BE54-9A1E7A4F7556}") = "DAL", "DAL\DAL.csproj", "{395A3933-4493-4139-93E3-844E80EADFB3}"
EndProject
Project("{9A19103F-16F7-4668-BE54-9A1E7A4F7556}") = "LOGIC", "LOGIC\LOGIC.csproj", "{B90E5EC3-7A40-4ED1-800A-158352593CD4}"
EndProject
Global
	GlobalSection(SolutionConfigurationPlatforms) = preSolution
		Debug|Any CPU = Debug|Any CPU
		Release|Any CPU = Release|Any CPU
	EndGlobalSection
	GlobalSection(ProjectConfigurationPlatforms) = postSolution
		{E5064E1D-B2BA-4932-A00E-72C28826033C}.Debug|Any CPU.ActiveCfg = Debug|Any CPU
		{E5064E1D-B2BA-4932-A00E-72C28826033C}.Debug|Any CPU.Build.0 = Debug|Any CPU
		{E5064E1D-B2BA-4932-A00E-72C28826033C}.Release|Any CPU.ActiveCfg = Release|Any CPU
		{E5064E1D-B2BA-4932-A00E-72C28826033C}.Release|Any CPU.Build.0 = Release|Any CPU
		{395A3933-4493-4139-93E3-844E80EADFB3}.Debug|Any CPU.ActiveCfg = Debug|Any CPU
		{395A3933-4493-4139-93E3-844E80EADFB3}.Debug|Any CPU.Build.0 = Debug|Any CPU
		{395A3933-4493-4139-93E3-844E80EADFB3}.Release|Any CPU.ActiveCfg = Release|Any CPU
		{395A3933-4493-4139-93E3-844E80EADFB3}.Release|Any CPU.Build.0 = Release|Any CPU
		{B90E5EC3-7A40-4ED1-800A-158352593CD4}.Debug|Any CPU.ActiveCfg = Debug|Any CPU
		{B90E5EC3-7A40-4ED1-800A-158352593CD4}.Debug|Any CPU.Build.0 = Debug|Any CPU
		{B90E5EC3-7A40-4ED1-800A-158352593CD4}.Release|Any CPU.ActiveCfg = Release|Any CPU
		{B90E5EC3-7A40-4ED1-800A-158352593CD4}.Release|Any CPU.Build.0 = Release|Any CPU
	EndGlobalSection
	GlobalSection(SolutionProperties) = preSolution
		HideSolutionNode = FALSE
	EndGlobalSection
	GlobalSection(ExtensibilityGlobals) = postSolution
		SolutionGuid = {6D5B0EBE-0B62-428A-8DFE-8E54CE72C04B}
	EndGlobalSection
EndGlobal
